
Microsoft Visual Studio Solution File, Format Version 12.00
# Visual Studio Version 17
VisualStudioVersion = 17.11.35303.130
MinimumVisualStudioVersion = 10.0.40219.1
Project("{FAE04EC0-301F-11D3-BF4B-00C04F79EFBC}") = "NiOP_projekt2", "NiOP_projekt2\NiOP_projekt2.csproj", "{7155F91D-AFD7-444E-859B-5840C460109B}"
EndProject
Global
	GlobalSection(SolutionConfigurationPlatforms) = preSolution
		Debug|Any CPU = Debug|Any CPU
		Release|Any CPU = Release|Any CPU
	EndGlobalSection
	GlobalSection(ProjectConfigurationPlatforms) = postSolution
		{7155F91D-AFD7-444E-859B-5840C460109B}.Debug|Any CPU.ActiveCfg = Debug|Any CPU
		{7155F91D-AFD7-444E-859B-5840C460109B}.Debug|Any CPU.Build.0 = Debug|Any CPU
		{7155F91D-AFD7-444E-859B-5840C460109B}.Release|Any CPU.ActiveCfg = Release|Any CPU
		{7155F91D-AFD7-444E-859B-5840C460109B}.Release|Any CPU.Build.0 = Release|Any CPU
	EndGlobalSection
	GlobalSection(SolutionProperties) = preSolution
		HideSolutionNode = FALSE
	EndGlobalSection
	GlobalSection(ExtensibilityGlobals) = postSolution
		SolutionGuid = {C248C06B-009D-43ED-A461-AA00DF4F1E09}
	EndGlobalSection
EndGlobal
